// !$*UTF8*$!
{
	archiveVersion = 1;
	classes = {
	};
	objectVersion = 55;
	objects = {

/* Begin PBXBuildFile section */
		20C9B543288E679300ACF3DC /* AppDelegate.swift in Sources */ = {isa = PBXBuildFile; fileRef = 20C9B542288E679300ACF3DC /* AppDelegate.swift */; };
		20C9B545288E679300ACF3DC /* SceneDelegate.swift in Sources */ = {isa = PBXBuildFile; fileRef = 20C9B544288E679300ACF3DC /* SceneDelegate.swift */; };
		20C9B547288E679300ACF3DC /* ViewController.swift in Sources */ = {isa = PBXBuildFile; fileRef = 20C9B546288E679300ACF3DC /* ViewController.swift */; };
		20C9B54A288E679300ACF3DC /* Main.storyboard in Resources */ = {isa = PBXBuildFile; fileRef = 20C9B548288E679300ACF3DC /* Main.storyboard */; };
		20C9B54C288E679400ACF3DC /* Assets.xcassets in Resources */ = {isa = PBXBuildFile; fileRef = 20C9B54B288E679400ACF3DC /* Assets.xcassets */; };
		20C9B54F288E679400ACF3DC /* LaunchScreen.storyboard in Resources */ = {isa = PBXBuildFile; fileRef = 20C9B54D288E679400ACF3DC /* LaunchScreen.storyboard */; };
		20C9B55A288E679400ACF3DC /* zar_appTests.swift in Sources */ = {isa = PBXBuildFile; fileRef = 20C9B559288E679400ACF3DC /* zar_appTests.swift */; };
		20C9B564288E679400ACF3DC /* zar_appUITests.swift in Sources */ = {isa = PBXBuildFile; fileRef = 20C9B563288E679400ACF3DC /* zar_appUITests.swift */; };
		20C9B566288E679400ACF3DC /* zar_appUITestsLaunchTests.swift in Sources */ = {isa = PBXBuildFile; fileRef = 20C9B565288E679400ACF3DC /* zar_appUITestsLaunchTests.swift */; };
/* End PBXBuildFile section */

/* Begin PBXContainerItemProxy section */
		20C9B556288E679400ACF3DC /* PBXContainerItemProxy */ = {
			isa = PBXContainerItemProxy;
			containerPortal = 20C9B537288E679300ACF3DC /* Project object */;
			proxyType = 1;
			remoteGlobalIDString = 20C9B53E288E679300ACF3DC;
			remoteInfo = "zar app";
		};
		20C9B560288E679400ACF3DC /* PBXContainerItemProxy */ = {
			isa = PBXContainerItemProxy;
			containerPortal = 20C9B537288E679300ACF3DC /* Project object */;
			proxyType = 1;
			remoteGlobalIDString = 20C9B53E288E679300ACF3DC;
			remoteInfo = "zar app";
		};
/* End PBXContainerItemProxy section */

/* Begin PBXFileReference section */
		20C9B53F288E679300ACF3DC /* zar app.app */ = {isa = PBXFileReference; explicitFileType = wrapper.application; includeInIndex = 0; path = "zar app.app"; sourceTree = BUILT_PRODUCTS_DIR; };
		20C9B542288E679300ACF3DC /* AppDelegate.swift */ = {isa = PBXFileReference; lastKnownFileType = sourcecode.swift; path = AppDelegate.swift; sourceTree = "<group>"; };
		20C9B544288E679300ACF3DC /* SceneDelegate.swift */ = {isa = PBXFileReference; lastKnownFileType = sourcecode.swift; path = SceneDelegate.swift; sourceTree = "<group>"; };
		20C9B546288E679300ACF3DC /* ViewController.swift */ = {isa = PBXFileReference; lastKnownFileType = sourcecode.swift; path = ViewController.swift; sourceTree = "<group>"; };
		20C9B549288E679300ACF3DC /* Base */ = {isa = PBXFileReference; lastKnownFileType = file.storyboard; name = Base; path = Base.lproj/Main.storyboard; sourceTree = "<group>"; };
		20C9B54B288E679400ACF3DC /* Assets.xcassets */ = {isa = PBXFileReference; lastKnownFileType = folder.assetcatalog; path = Assets.xcassets; sourceTree = "<group>"; };
		20C9B54E288E679400ACF3DC /* Base */ = {isa = PBXFileReference; lastKnownFileType = file.storyboard; name = Base; path = Base.lproj/LaunchScreen.storyboard; sourceTree = "<group>"; };
		20C9B550288E679400ACF3DC /* Info.plist */ = {isa = PBXFileReference; lastKnownFileType = text.plist.xml; path = Info.plist; sourceTree = "<group>"; };
		20C9B555288E679400ACF3DC /* zar appTests.xctest */ = {isa = PBXFileReference; explicitFileType = wrapper.cfbundle; includeInIndex = 0; path = "zar appTests.xctest"; sourceTree = BUILT_PRODUCTS_DIR; };
		20C9B559288E679400ACF3DC /* zar_appTests.swift */ = {isa = PBXFileReference; lastKnownFileType = sourcecode.swift; path = zar_appTests.swift; sourceTree = "<group>"; };
		20C9B55F288E679400ACF3DC /* zar appUITests.xctest */ = {isa = PBXFileReference; explicitFileType = wrapper.cfbundle; includeInIndex = 0; path = "zar appUITests.xctest"; sourceTree = BUILT_PRODUCTS_DIR; };
		20C9B563288E679400ACF3DC /* zar_appUITests.swift */ = {isa = PBXFileReference; lastKnownFileType = sourcecode.swift; path = zar_appUITests.swift; sourceTree = "<group>"; };
		20C9B565288E679400ACF3DC /* zar_appUITestsLaunchTests.swift */ = {isa = PBXFileReference; lastKnownFileType = sourcecode.swift; path = zar_appUITestsLaunchTests.swift; sourceTree = "<group>"; };
/* End PBXFileReference section */

/* Begin PBXFrameworksBuildPhase section */
		20C9B53C288E679300ACF3DC /* Frameworks */ = {
			isa = PBXFrameworksBuildPhase;
			buildActionMask = 2147483647;
			files = (
			);
			runOnlyForDeploymentPostprocessing = 0;
		};
		20C9B552288E679400ACF3DC /* Frameworks */ = {
			isa = PBXFrameworksBuildPhase;
			buildActionMask = 2147483647;
			files = (
			);
			runOnlyForDeploymentPostprocessing = 0;
		};
		20C9B55C288E679400ACF3DC /* Frameworks */ = {
			isa = PBXFrameworksBuildPhase;
			buildActionMask = 2147483647;
			files = (
			);
			runOnlyForDeploymentPostprocessing = 0;
		};
/* End PBXFrameworksBuildPhase section */

/* Begin PBXGroup section */
		20C9B536288E679300ACF3DC = {
			isa = PBXGroup;
			children = (
				20C9B541288E679300ACF3DC /* zar app */,
				20C9B558288E679400ACF3DC /* zar appTests */,
				20C9B562288E679400ACF3DC /* zar appUITests */,
				20C9B540288E679300ACF3DC /* Products */,
			);
			sourceTree = "<group>";
		};
		20C9B540288E679300ACF3DC /* Products */ = {
			isa = PBXGroup;
			children = (
				20C9B53F288E679300ACF3DC /* zar app.app */,
				20C9B555288E679400ACF3DC /* zar appTests.xctest */,
				20C9B55F288E679400ACF3DC /* zar appUITests.xctest */,
			);
			name = Products;
			sourceTree = "<group>";
		};
		20C9B541288E679300ACF3DC /* zar app */ = {
			isa = PBXGroup;
			children = (
				20C9B542288E679300ACF3DC /* AppDelegate.swift */,
				20C9B544288E679300ACF3DC /* SceneDelegate.swift */,
				20C9B546288E679300ACF3DC /* ViewController.swift */,
				20C9B548288E679300ACF3DC /* Main.storyboard */,
				20C9B54B288E679400ACF3DC /* Assets.xcassets */,
				20C9B54D288E679400ACF3DC /* LaunchScreen.storyboard */,
				20C9B550288E679400ACF3DC /* Info.plist */,
			);
			path = "zar app";
			sourceTree = "<group>";
		};
		20C9B558288E679400ACF3DC /* zar appTests */ = {
			isa = PBXGroup;
			children = (
				20C9B559288E679400ACF3DC /* zar_appTests.swift */,
			);
			path = "zar appTests";
			sourceTree = "<group>";
		};
		20C9B562288E679400ACF3DC /* zar appUITests */ = {
			isa = PBXGroup;
			children = (
				20C9B563288E679400ACF3DC /* zar_appUITests.swift */,
				20C9B565288E679400ACF3DC /* zar_appUITestsLaunchTests.swift */,
			);
			path = "zar appUITests";
			sourceTree = "<group>";
		};
/* End PBXGroup section */

/* Begin PBXNativeTarget section */
		20C9B53E288E679300ACF3DC /* zar app */ = {
			isa = PBXNativeTarget;
			buildConfigurationList = 20C9B569288E679400ACF3DC /* Build configuration list for PBXNativeTarget "zar app" */;
			buildPhases = (
				20C9B53B288E679300ACF3DC /* Sources */,
				20C9B53C288E679300ACF3DC /* Frameworks */,
				20C9B53D288E679300ACF3DC /* Resources */,
			);
			buildRules = (
			);
			dependencies = (
			);
			name = "zar app";
			productName = "zar app";
			productReference = 20C9B53F288E679300ACF3DC /* zar app.app */;
			productType = "com.apple.product-type.application";
		};
		20C9B554288E679400ACF3DC /* zar appTests */ = {
			isa = PBXNativeTarget;
			buildConfigurationList = 20C9B56C288E679400ACF3DC /* Build configuration list for PBXNativeTarget "zar appTests" */;
			buildPhases = (
				20C9B551288E679400ACF3DC /* Sources */,
				20C9B552288E679400ACF3DC /* Frameworks */,
				20C9B553288E679400ACF3DC /* Resources */,
			);
			buildRules = (
			);
			dependencies = (
				20C9B557288E679400ACF3DC /* PBXTargetDependency */,
			);
			name = "zar appTests";
			productName = "zar appTests";
			productReference = 20C9B555288E679400ACF3DC /* zar appTests.xctest */;
			productType = "com.apple.product-type.bundle.unit-test";
		};
		20C9B55E288E679400ACF3DC /* zar appUITests */ = {
			isa = PBXNativeTarget;
			buildConfigurationList = 20C9B56F288E679400ACF3DC /* Build configuration list for PBXNativeTarget "zar appUITests" */;
			buildPhases = (
				20C9B55B288E679400ACF3DC /* Sources */,
				20C9B55C288E679400ACF3DC /* Frameworks */,
				20C9B55D288E679400ACF3DC /* Resources */,
			);
			buildRules = (
			);
			dependencies = (
				20C9B561288E679400ACF3DC /* PBXTargetDependency */,
			);
			name = "zar appUITests";
			productName = "zar appUITests";
			productReference = 20C9B55F288E679400ACF3DC /* zar appUITests.xctest */;
			productType = "com.apple.product-type.bundle.ui-testing";
		};
/* End PBXNativeTarget section */

/* Begin PBXProject section */
		20C9B537288E679300ACF3DC /* Project object */ = {
			isa = PBXProject;
			attributes = {
				BuildIndependentTargetsInParallel = 1;
				LastSwiftUpdateCheck = 1340;
				LastUpgradeCheck = 1340;
				TargetAttributes = {
					20C9B53E288E679300ACF3DC = {
						CreatedOnToolsVersion = 13.4.1;
					};
					20C9B554288E679400ACF3DC = {
						CreatedOnToolsVersion = 13.4.1;
						TestTargetID = 20C9B53E288E679300ACF3DC;
					};
					20C9B55E288E679400ACF3DC = {
						CreatedOnToolsVersion = 13.4.1;
						TestTargetID = 20C9B53E288E679300ACF3DC;
					};
				};
			};
			buildConfigurationList = 20C9B53A288E679300ACF3DC /* Build configuration list for PBXProject "zar app" */;
			compatibilityVersion = "Xcode 13.0";
			developmentRegion = en;
			hasScannedForEncodings = 0;
			knownRegions = (
				en,
				Base,
			);
			mainGroup = 20C9B536288E679300ACF3DC;
			productRefGroup = 20C9B540288E679300ACF3DC /* Products */;
			projectDirPath = "";
			projectRoot = "";
			targets = (
				20C9B53E288E679300ACF3DC /* zar app */,
				20C9B554288E679400ACF3DC /* zar appTests */,
				20C9B55E288E679400ACF3DC /* zar appUITests */,
			);
		};
/* End PBXProject section */

/* Begin PBXResourcesBuildPhase section */
		20C9B53D288E679300ACF3DC /* Resources */ = {
			isa = PBXResourcesBuildPhase;
			buildActionMask = 2147483647;
			files = (
				20C9B54F288E679400ACF3DC /* LaunchScreen.storyboard in Resources */,
				20C9B54C288E679400ACF3DC /* Assets.xcassets in Resources */,
				20C9B54A288E679300ACF3DC /* Main.storyboard in Resources */,
			);
			runOnlyForDeploymentPostprocessing = 0;
		};
		20C9B553288E679400ACF3DC /* Resources */ = {
			isa = PBXResourcesBuildPhase;
			buildActionMask = 2147483647;
			files = (
			);
			runOnlyForDeploymentPostprocessing = 0;
		};
		20C9B55D288E679400ACF3DC /* Resources */ = {
			isa = PBXResourcesBuildPhase;
			buildActionMask = 2147483647;
			files = (
			);
			runOnlyForDeploymentPostprocessing = 0;
		};
/* End PBXResourcesBuildPhase section */

/* Begin PBXSourcesBuildPhase section */
		20C9B53B288E679300ACF3DC /* Sources */ = {
			isa = PBXSourcesBuildPhase;
			buildActionMask = 2147483647;
			files = (
				20C9B547288E679300ACF3DC /* ViewController.swift in Sources */,
				20C9B543288E679300ACF3DC /* AppDelegate.swift in Sources */,
				20C9B545288E679300ACF3DC /* SceneDelegate.swift in Sources */,
			);
			runOnlyForDeploymentPostprocessing = 0;
		};
		20C9B551288E679400ACF3DC /* Sources */ = {
			isa = PBXSourcesBuildPhase;
			buildActionMask = 2147483647;
			files = (
				20C9B55A288E679400ACF3DC /* zar_appTests.swift in Sources */,
			);
			runOnlyForDeploymentPostprocessing = 0;
		};
		20C9B55B288E679400ACF3DC /* Sources */ = {
			isa = PBXSourcesBuildPhase;
			buildActionMask = 2147483647;
			files = (
				20C9B566288E679400ACF3DC /* zar_appUITestsLaunchTests.swift in Sources */,
				20C9B564288E679400ACF3DC /* zar_appUITests.swift in Sources */,
			);
			runOnlyForDeploymentPostprocessing = 0;
		};
/* End PBXSourcesBuildPhase section */

/* Begin PBXTargetDependency section */
		20C9B557288E679400ACF3DC /* PBXTargetDependency */ = {
			isa = PBXTargetDependency;
			target = 20C9B53E288E679300ACF3DC /* zar app */;
			targetProxy = 20C9B556288E679400ACF3DC /* PBXContainerItemProxy */;
		};
		20C9B561288E679400ACF3DC /* PBXTargetDependency */ = {
			isa = PBXTargetDependency;
			target = 20C9B53E288E679300ACF3DC /* zar app */;
			targetProxy = 20C9B560288E679400ACF3DC /* PBXContainerItemProxy */;
		};
/* End PBXTargetDependency section */

/* Begin PBXVariantGroup section */
		20C9B548288E679300ACF3DC /* Main.storyboard */ = {
			isa = PBXVariantGroup;
			children = (
				20C9B549288E679300ACF3DC /* Base */,
			);
			name = Main.storyboard;
			sourceTree = "<group>";
		};
		20C9B54D288E679400ACF3DC /* LaunchScreen.storyboard */ = {
			isa = PBXVariantGroup;
			children = (
				20C9B54E288E679400ACF3DC /* Base */,
			);
			name = LaunchScreen.storyboard;
			sourceTree = "<group>";
		};
/* End PBXVariantGroup section */

/* Begin XCBuildConfiguration section */
		20C9B567288E679400ACF3DC /* Debug */ = {
			isa = XCBuildConfiguration;
			buildSettings = {
				ALWAYS_SEARCH_USER_PATHS = NO;
				CLANG_ANALYZER_NONNULL = YES;
				CLANG_ANALYZER_NUMBER_OBJECT_CONVERSION = YES_AGGRESSIVE;
				CLANG_CXX_LANGUAGE_STANDARD = "gnu++17";
				CLANG_ENABLE_MODULES = YES;
				CLANG_ENABLE_OBJC_ARC = YES;
				CLANG_ENABLE_OBJC_WEAK = YES;
				CLANG_WARN_BLOCK_CAPTURE_AUTORELEASING = YES;
				CLANG_WARN_BOOL_CONVERSION = YES;
				CLANG_WARN_COMMA = YES;
				CLANG_WARN_CONSTANT_CONVERSION = YES;
				CLANG_WARN_DEPRECATED_OBJC_IMPLEMENTATIONS = YES;
				CLANG_WARN_DIRECT_OBJC_ISA_USAGE = YES_ERROR;
				CLANG_WARN_DOCUMENTATION_COMMENTS = YES;
				CLANG_WARN_EMPTY_BODY = YES;
				CLANG_WARN_ENUM_CONVERSION = YES;
				CLANG_WARN_INFINITE_RECURSION = YES;
				CLANG_WARN_INT_CONVERSION = YES;
				CLANG_WARN_NON_LITERAL_NULL_CONVERSION = YES;
				CLANG_WARN_OBJC_IMPLICIT_RETAIN_SELF = YES;
				CLANG_WARN_OBJC_LITERAL_CONVERSION = YES;
				CLANG_WARN_OBJC_ROOT_CLASS = YES_ERROR;
				CLANG_WARN_QUOTED_INCLUDE_IN_FRAMEWORK_HEADER = YES;
				CLANG_WARN_RANGE_LOOP_ANALYSIS = YES;
				CLANG_WARN_STRICT_PROTOTYPES = YES;
				CLANG_WARN_SUSPICIOUS_MOVE = YES;
				CLANG_WARN_UNGUARDED_AVAILABILITY = YES_AGGRESSIVE;
				CLANG_WARN_UNREACHABLE_CODE = YES;
				CLANG_WARN__DUPLICATE_METHOD_MATCH = YES;
				COPY_PHASE_STRIP = NO;
				DEBUG_INFORMATION_FORMAT = dwarf;
				ENABLE_STRICT_OBJC_MSGSEND = YES;
				ENABLE_TESTABILITY = YES;
				GCC_C_LANGUAGE_STANDARD = gnu11;
				GCC_DYNAMIC_NO_PIC = NO;
				GCC_NO_COMMON_BLOCKS = YES;
				GCC_OPTIMIZATION_LEVEL = 0;
				GCC_PREPROCESSOR_DEFINITIONS = (
					"DEBUG=1",
					"$(inherited)",
				);
				GCC_WARN_64_TO_32_BIT_CONVERSION = YES;
				GCC_WARN_ABOUT_RETURN_TYPE = YES_ERROR;
				GCC_WARN_UNDECLARED_SELECTOR = YES;
				GCC_WARN_UNINITIALIZED_AUTOS = YES_AGGRESSIVE;
				GCC_WARN_UNUSED_FUNCTION = YES;
				GCC_WARN_UNUSED_VARIABLE = YES;
				IPHONEOS_DEPLOYMENT_TARGET = 15.5;
				MTL_ENABLE_DEBUG_INFO = INCLUDE_SOURCE;
				MTL_FAST_MATH = YES;
				ONLY_ACTIVE_ARCH = YES;
				SDKROOT = iphoneos;
				SWIFT_ACTIVE_COMPILATION_CONDITIONS = DEBUG;
				SWIFT_OPTIMIZATION_LEVEL = "-Onone";
			};
			name = Debug;
		};
		20C9B568288E679400ACF3DC /* Release */ = {
			isa = XCBuildConfiguration;
			buildSettings = {
				ALWAYS_SEARCH_USER_PATHS = NO;
				CLANG_ANALYZER_NONNULL = YES;
				CLANG_ANALYZER_NUMBER_OBJECT_CONVERSION = YES_AGGRESSIVE;
				CLANG_CXX_LANGUAGE_STANDARD = "gnu++17";
				CLANG_ENABLE_MODULES = YES;
				CLANG_ENABLE_OBJC_ARC = YES;
				CLANG_ENABLE_OBJC_WEAK = YES;
				CLANG_WARN_BLOCK_CAPTURE_AUTORELEASING = YES;
				CLANG_WARN_BOOL_CONVERSION = YES;
				CLANG_WARN_COMMA = YES;
				CLANG_WARN_CONSTANT_CONVERSION = YES;
				CLANG_WARN_DEPRECATED_OBJC_IMPLEMENTATIONS = YES;
				CLANG_WARN_DIRECT_OBJC_ISA_USAGE = YES_ERROR;
				CLANG_WARN_DOCUMENTATION_COMMENTS = YES;
				CLANG_WARN_EMPTY_BODY = YES;
				CLANG_WARN_ENUM_CONVERSION = YES;
				CLANG_WARN_INFINITE_RECURSION = YES;
				CLANG_WARN_INT_CONVERSION = YES;
				CLANG_WARN_NON_LITERAL_NULL_CONVERSION = YES;
				CLANG_WARN_OBJC_IMPLICIT_RETAIN_SELF = YES;
				CLANG_WARN_OBJC_LITERAL_CONVERSION = YES;
				CLANG_WARN_OBJC_ROOT_CLASS = YES_ERROR;
				CLANG_WARN_QUOTED_INCLUDE_IN_FRAMEWORK_HEADER = YES;
				CLANG_WARN_RANGE_LOOP_ANALYSIS = YES;
				CLANG_WARN_STRICT_PROTOTYPES = YES;
				CLANG_WARN_SUSPICIOUS_MOVE = YES;
				CLANG_WARN_UNGUARDED_AVAILABILITY = YES_AGGRESSIVE;
				CLANG_WARN_UNREACHABLE_CODE = YES;
				CLANG_WARN__DUPLICATE_METHOD_MATCH = YES;
				COPY_PHASE_STRIP = NO;
				DEBUG_INFORMATION_FORMAT = "dwarf-with-dsym";
				ENABLE_NS_ASSERTIONS = NO;
				ENABLE_STRICT_OBJC_MSGSEND = YES;
				GCC_C_LANGUAGE_STANDARD = gnu11;
				GCC_NO_COMMON_BLOCKS = YES;
				GCC_WARN_64_TO_32_BIT_CONVERSION = YES;
				GCC_WARN_ABOUT_RETURN_TYPE = YES_ERROR;
				GCC_WARN_UNDECLARED_SELECTOR = YES;
				GCC_WARN_UNINITIALIZED_AUTOS = YES_AGGRESSIVE;
				GCC_WARN_UNUSED_FUNCTION = YES;
				GCC_WARN_UNUSED_VARIABLE = YES;
				IPHONEOS_DEPLOYMENT_TARGET = 15.5;
				MTL_ENABLE_DEBUG_INFO = NO;
				MTL_FAST_MATH = YES;
				SDKROOT = iphoneos;
				SWIFT_COMPILATION_MODE = wholemodule;
				SWIFT_OPTIMIZATION_LEVEL = "-O";
				VALIDATE_PRODUCT = YES;
			};
			name = Release;
		};
		20C9B56A288E679400ACF3DC /* Debug */ = {
			isa = XCBuildConfiguration;
			buildSettings = {
				ASSETCATALOG_COMPILER_APPICON_NAME = AppIcon;
				ASSETCATALOG_COMPILER_GLOBAL_ACCENT_COLOR_NAME = AccentColor;
				CODE_SIGN_STYLE = Automatic;
				CURRENT_PROJECT_VERSION = 1;
				GENERATE_INFOPLIST_FILE = YES;
				INFOPLIST_FILE = "zar app/Info.plist";
				INFOPLIST_KEY_UIApplicationSupportsIndirectInputEvents = YES;
				INFOPLIST_KEY_UILaunchStoryboardName = LaunchScreen;
				INFOPLIST_KEY_UIMainStoryboardFile = Main;
				INFOPLIST_KEY_UISupportedInterfaceOrientations_iPad = "UIInterfaceOrientationPortrait UIInterfaceOrientationPortraitUpsideDown UIInterfaceOrientationLandscapeLeft UIInterfaceOrientationLandscapeRight";
				INFOPLIST_KEY_UISupportedInterfaceOrientations_iPhone = "UIInterfaceOrientationPortrait UIInterfaceOrientationLandscapeLeft UIInterfaceOrientationLandscapeRight";
				LD_RUNPATH_SEARCH_PATHS = (
					"$(inherited)",
					"@executable_path/Frameworks",
				);
				MARKETING_VERSION = 1.0;
				PRODUCT_BUNDLE_IDENTIFIER = "bedirhan.zar-app";
				PRODUCT_NAME = "$(TARGET_NAME)";
				SWIFT_EMIT_LOC_STRINGS = YES;
				SWIFT_VERSION = 5.0;
				TARGETED_DEVICE_FAMILY = "1,2";
			};
			name = Debug;
		};
		20C9B56B288E679400ACF3DC /* Release */ = {
			isa = XCBuildConfiguration;
			buildSettings = {
				ASSETCATALOG_COMPILER_APPICON_NAME = AppIcon;
				ASSETCATALOG_COMPILER_GLOBAL_ACCENT_COLOR_NAME = AccentColor;
				CODE_SIGN_STYLE = Automatic;
				CURRENT_PROJECT_VERSION = 1;
				GENERATE_INFOPLIST_FILE = YES;
				INFOPLIST_FILE = "zar app/Info.plist";
				INFOPLIST_KEY_UIApplicationSupportsIndirectInputEvents = YES;
				INFOPLIST_KEY_UILaunchStoryboardName = LaunchScreen;
				INFOPLIST_KEY_UIMainStoryboardFile = Main;
				INFOPLIST_KEY_UISupportedInterfaceOrientations_iPad = "UIInterfaceOrientationPortrait UIInterfaceOrientationPortraitUpsideDown UIInterfaceOrientationLandscapeLeft UIInterfaceOrientationLandscapeRight";
				INFOPLIST_KEY_UISupportedInterfaceOrientations_iPhone = "UIInterfaceOrientationPortrait UIInterfaceOrientationLandscapeLeft UIInterfaceOrientationLandscapeRight";
				LD_RUNPATH_SEARCH_PATHS = (
					"$(inherited)",
					"@executable_path/Frameworks",
				);
				MARKETING_VERSION = 1.0;
				PRODUCT_BUNDLE_IDENTIFIER = "bedirhan.zar-app";
				PRODUCT_NAME = "$(TARGET_NAME)";
				SWIFT_EMIT_LOC_STRINGS = YES;
				SWIFT_VERSION = 5.0;
				TARGETED_DEVICE_FAMILY = "1,2";
			};
			name = Release;
		};
		20C9B56D288E679400ACF3DC /* Debug */ = {
			isa = XCBuildConfiguration;
			buildSettings = {
				ALWAYS_EMBED_SWIFT_STANDARD_LIBRARIES = YES;
				BUNDLE_LOADER = "$(TEST_HOST)";
				CODE_SIGN_STYLE = Automatic;
				CURRENT_PROJECT_VERSION = 1;
				GENERATE_INFOPLIST_FILE = YES;
				IPHONEOS_DEPLOYMENT_TARGET = 15.5;
				MARKETING_VERSION = 1.0;
				PRODUCT_BUNDLE_IDENTIFIER = "bedirhan.zar-appTests";
				PRODUCT_NAME = "$(TARGET_NAME)";
				SWIFT_EMIT_LOC_STRINGS = NO;
				SWIFT_VERSION = 5.0;
				TARGETED_DEVICE_FAMILY = "1,2";
				TEST_HOST = "$(BUILT_PRODUCTS_DIR)/zar app.app/zar app";
			};
			name = Debug;
		};
		20C9B56E288E679400ACF3DC /* Release */ = {
			isa = XCBuildConfiguration;
			buildSettings = {
				ALWAYS_EMBED_SWIFT_STANDARD_LIBRARIES = YES;
				BUNDLE_LOADER = "$(TEST_HOST)";
				CODE_SIGN_STYLE = Automatic;
				CURRENT_PROJECT_VERSION = 1;
				GENERATE_INFOPLIST_FILE = YES;
				IPHONEOS_DEPLOYMENT_TARGET = 15.5;
				MARKETING_VERSION = 1.0;
				PRODUCT_BUNDLE_IDENTIFIER = "bedirhan.zar-appTests";
				PRODUCT_NAME = "$(TARGET_NAME)";
				SWIFT_EMIT_LOC_STRINGS = NO;
				SWIFT_VERSION = 5.0;
				TARGETED_DEVICE_FAMILY = "1,2";
				TEST_HOST = "$(BUILT_PRODUCTS_DIR)/zar app.app/zar app";
			};
			name = Release;
		};
		20C9B570288E679400ACF3DC /* Debug */ = {
			isa = XCBuildConfiguration;
			buildSettings = {
				ALWAYS_EMBED_SWIFT_STANDARD_LIBRARIES = YES;
				CODE_SIGN_STYLE = Automatic;
				CURRENT_PROJECT_VERSION = 1;
				GENERATE_INFOPLIST_FILE = YES;
				MARKETING_VERSION = 1.0;
				PRODUCT_BUNDLE_IDENTIFIER = "bedirhan.zar-appUITests";
				PRODUCT_NAME = "$(TARGET_NAME)";
				SWIFT_EMIT_LOC_STRINGS = NO;
				SWIFT_VERSION = 5.0;
				TARGETED_DEVICE_FAMILY = "1,2";
				TEST_TARGET_NAME = "zar app";
			};
			name = Debug;
		};
		20C9B571288E679400ACF3DC /* Release */ = {
			isa = XCBuildConfiguration;
			buildSettings = {
				ALWAYS_EMBED_SWIFT_STANDARD_LIBRARIES = YES;
				CODE_SIGN_STYLE = Automatic;
				CURRENT_PROJECT_VERSION = 1;
				GENERATE_INFOPLIST_FILE = YES;
				MARKETING_VERSION = 1.0;
				PRODUCT_BUNDLE_IDENTIFIER = "bedirhan.zar-appUITests";
				PRODUCT_NAME = "$(TARGET_NAME)";
				SWIFT_EMIT_LOC_STRINGS = NO;
				SWIFT_VERSION = 5.0;
				TARGETED_DEVICE_FAMILY = "1,2";
				TEST_TARGET_NAME = "zar app";
			};
			name = Release;
		};
/* End XCBuildConfiguration section */

/* Begin XCConfigurationList section */
		20C9B53A288E679300ACF3DC /* Build configuration list for PBXProject "zar app" */ = {
			isa = XCConfigurationList;
			buildConfigurations = (
				20C9B567288E679400ACF3DC /* Debug */,
				20C9B568288E679400ACF3DC /* Release */,
			);
			defaultConfigurationIsVisible = 0;
			defaultConfigurationName = Release;
		};
		20C9B569288E679400ACF3DC /* Build configuration list for PBXNativeTarget "zar app" */ = {
			isa = XCConfigurationList;
			buildConfigurations = (
				20C9B56A288E679400ACF3DC /* Debug */,
				20C9B56B288E679400ACF3DC /* Release */,
			);
			defaultConfigurationIsVisible = 0;
			defaultConfigurationName = Release;
		};
		20C9B56C288E679400ACF3DC /* Build configuration list for PBXNativeTarget "zar appTests" */ = {
			isa = XCConfigurationList;
			buildConfigurations = (
				20C9B56D288E679400ACF3DC /* Debug */,
				20C9B56E288E679400ACF3DC /* Release */,
			);
			defaultConfigurationIsVisible = 0;
			defaultConfigurationName = Release;
		};
		20C9B56F288E679400ACF3DC /* Build configuration list for PBXNativeTarget "zar appUITests" */ = {
			isa = XCConfigurationList;
			buildConfigurations = (
				20C9B570288E679400ACF3DC /* Debug */,
				20C9B571288E679400ACF3DC /* Release */,
			);
			defaultConfigurationIsVisible = 0;
			defaultConfigurationName = Release;
		};
/* End XCConfigurationList section */
	};
	rootObject = 20C9B537288E679300ACF3DC /* Project object */;
}
